
Microsoft Visual Studio Solution File, Format Version 12.00
# Visual Studio Version 17
VisualStudioVersion = 17.3.32922.545
MinimumVisualStudioVersion = 10.0.40219.1
Project("{9A19103F-16F7-4668-BE54-9A1E7A4F7556}") = "DisplayPicture", "DisplayPicture\DisplayPicture.csproj", "{E33CFA3D-C97F-4686-9ED3-8FB6DDCF30E9}"
EndProject
Global
	GlobalSection(SolutionConfigurationPlatforms) = preSolution
		Debug|Any CPU = Debug|Any CPU
		Release|Any CPU = Release|Any CPU
	EndGlobalSection
	GlobalSection(ProjectConfigurationPlatforms) = postSolution
		{E33CFA3D-C97F-4686-9ED3-8FB6DDCF30E9}.Debug|Any CPU.ActiveCfg = Debug|Any CPU
		{E33CFA3D-C97F-4686-9ED3-8FB6DDCF30E9}.Debug|Any CPU.Build.0 = Debug|Any CPU
		{E33CFA3D-C97F-4686-9ED3-8FB6DDCF30E9}.Release|Any CPU.ActiveCfg = Release|Any CPU
		{E33CFA3D-C97F-4686-9ED3-8FB6DDCF30E9}.Release|Any CPU.Build.0 = Release|Any CPU
	EndGlobalSection
	GlobalSection(SolutionProperties) = preSolution
		HideSolutionNode = FALSE
	EndGlobalSection
	GlobalSection(ExtensibilityGlobals) = postSolution
		SolutionGuid = {DE0BA08E-254B-47AE-8B6F-3C0102063D1C}
	EndGlobalSection
EndGlobal
